
Microsoft Visual Studio Solution File, Format Version 12.00
Project("{2150E333-8FDC-42A3-9474-1A3956D46DE8}") = "src", "src", "{95071053-2374-442B-9FE6-0B022AA3871F}"
EndProject
Project("{2150E333-8FDC-42A3-9474-1A3956D46DE8}") = "tests", "tests", "{C36CED55-F7F2-4D26-8B41-297252FC21F7}"
EndProject
Project("{2150E333-8FDC-42A3-9474-1A3956D46DE8}") = "Core", "Core", "{AB8B220A-98DA-4A94-A0F6-21C01B11DEB0}"
EndProject
Project("{2150E333-8FDC-42A3-9474-1A3956D46DE8}") = "API", "API", "{FE3F13E4-22A8-4B55-987F-C51BD6F283AF}"
EndProject
Project("{2150E333-8FDC-42A3-9474-1A3956D46DE8}") = "Infrastructure", "Infrastructure", "{5BD1CC3C-6BC7-4FC1-AC92-EAAF75577C26}"
EndProject
Project("{FAE04EC0-301F-11D3-BF4B-00C04F79EFBC}") = "DotLibrary.Domain", "DotLibrary.Domain\DotLibrary.Domain.csproj", "{ECF663AB-6BAA-40DE-8B4B-FDDDABFA8F08}"
EndProject
Project("{FAE04EC0-301F-11D3-BF4B-00C04F79EFBC}") = "DotLibrary.Application", "DotLibrary.Application\DotLibrary.Application.csproj", "{067CCC07-DCAA-429B-9ADE-0D359C689C2F}"
EndProject
Project("{FAE04EC0-301F-11D3-BF4B-00C04F79EFBC}") = "DotLibrary.Persistence", "DotLibrary.Persistence\DotLibrary.Persistence.csproj", "{8B9C354E-93AE-4181-8545-77B8DCC6F6AA}"
EndProject
Project("{FAE04EC0-301F-11D3-BF4B-00C04F79EFBC}") = "DotLibrary.API", "DotLibrary.API\DotLibrary.API.csproj", "{E6B32703-13B8-4866-87B7-813F7BAC6CE9}"
EndProject
Global
	GlobalSection(SolutionConfigurationPlatforms) = preSolution
		Debug|Any CPU = Debug|Any CPU
		Release|Any CPU = Release|Any CPU
	EndGlobalSection
	GlobalSection(NestedProjects) = preSolution
		{AB8B220A-98DA-4A94-A0F6-21C01B11DEB0} = {95071053-2374-442B-9FE6-0B022AA3871F}
		{FE3F13E4-22A8-4B55-987F-C51BD6F283AF} = {95071053-2374-442B-9FE6-0B022AA3871F}
		{5BD1CC3C-6BC7-4FC1-AC92-EAAF75577C26} = {95071053-2374-442B-9FE6-0B022AA3871F}
		{ECF663AB-6BAA-40DE-8B4B-FDDDABFA8F08} = {AB8B220A-98DA-4A94-A0F6-21C01B11DEB0}
		{067CCC07-DCAA-429B-9ADE-0D359C689C2F} = {AB8B220A-98DA-4A94-A0F6-21C01B11DEB0}
		{8B9C354E-93AE-4181-8545-77B8DCC6F6AA} = {5BD1CC3C-6BC7-4FC1-AC92-EAAF75577C26}
		{E6B32703-13B8-4866-87B7-813F7BAC6CE9} = {FE3F13E4-22A8-4B55-987F-C51BD6F283AF}
	EndGlobalSection
	GlobalSection(ProjectConfigurationPlatforms) = postSolution
		{ECF663AB-6BAA-40DE-8B4B-FDDDABFA8F08}.Debug|Any CPU.ActiveCfg = Debug|Any CPU
		{ECF663AB-6BAA-40DE-8B4B-FDDDABFA8F08}.Debug|Any CPU.Build.0 = Debug|Any CPU
		{ECF663AB-6BAA-40DE-8B4B-FDDDABFA8F08}.Release|Any CPU.ActiveCfg = Release|Any CPU
		{ECF663AB-6BAA-40DE-8B4B-FDDDABFA8F08}.Release|Any CPU.Build.0 = Release|Any CPU
		{067CCC07-DCAA-429B-9ADE-0D359C689C2F}.Debug|Any CPU.ActiveCfg = Debug|Any CPU
		{067CCC07-DCAA-429B-9ADE-0D359C689C2F}.Debug|Any CPU.Build.0 = Debug|Any CPU
		{067CCC07-DCAA-429B-9ADE-0D359C689C2F}.Release|Any CPU.ActiveCfg = Release|Any CPU
		{067CCC07-DCAA-429B-9ADE-0D359C689C2F}.Release|Any CPU.Build.0 = Release|Any CPU
		{8B9C354E-93AE-4181-8545-77B8DCC6F6AA}.Debug|Any CPU.ActiveCfg = Debug|Any CPU
		{8B9C354E-93AE-4181-8545-77B8DCC6F6AA}.Debug|Any CPU.Build.0 = Debug|Any CPU
		{8B9C354E-93AE-4181-8545-77B8DCC6F6AA}.Release|Any CPU.ActiveCfg = Release|Any CPU
		{8B9C354E-93AE-4181-8545-77B8DCC6F6AA}.Release|Any CPU.Build.0 = Release|Any CPU
		{E6B32703-13B8-4866-87B7-813F7BAC6CE9}.Debug|Any CPU.ActiveCfg = Debug|Any CPU
		{E6B32703-13B8-4866-87B7-813F7BAC6CE9}.Debug|Any CPU.Build.0 = Debug|Any CPU
		{E6B32703-13B8-4866-87B7-813F7BAC6CE9}.Release|Any CPU.ActiveCfg = Release|Any CPU
		{E6B32703-13B8-4866-87B7-813F7BAC6CE9}.Release|Any CPU.Build.0 = Release|Any CPU
	EndGlobalSection
EndGlobal
